  GNU nano 7.2                                                        package-lock.json                                                           M     
{
  "name": "app",
  "version": "1.0.0",
  "lockfileVersion": 3,
  "requires": true,
  "packages": {
    "": {
      "version": "1.0.0",
      "license": "MIT",
      "dependencies": {
        "@payloadcms/db-postgres": "beta",
        "@payloadcms/next": "beta",
        "@payloadcms/payload-cloud": "beta",
        "@payloadcms/richtext-lexical": "beta",
        "cross-env": "^7.0.3",
        "graphql": "^16.8.1",
        "next": "15.0.0",
        "payload": "beta",
        "react": "19.0.0-rc-65a56d0e-20241020",
        "react-dom": "19.0.0-rc-65a56d0e-20241020",
        "sharp": "0.32.6"
      },
      "devDependencies": {
        "@types/node": "^22.5.4",
        "@types/react": "npm:types-react@19.0.0-rc.1",
        "@types/react-dom": "npm:types-react-dom@19.0.0-rc.1",
        "eslint": "^8",
        "eslint-config-next": "15.0.0",
        "typescript": "5.6.3"
      },
      "engines": {
        "node": "^18.20.2 || >=20.9.0"
      }
    },
    "node_modules/@apidevtools/json-schema-ref-parser": {
      "version": "11.9.3",
      "resolved": "https://registry.npmjs.org/@apidevtools/json-schema-ref-parser/-/json-schema-ref-parser-11.9.3.tgz",
                                         [ line     1/14040 ( 0%), col  1/ 2 ( 50%), char      0/513467 ( 0%) ]
^G Help         ^O Write Out    ^W Where Is     ^K Cut          ^T Execute      ^C Location     M-U Undo        M-A Set Mark    M-] To Bracket
^X Exit         ^R Read File    ^\ Replace      ^U Paste        ^J Justify      ^/ Go To Line   M-E Redo        M-6 Copy        ^Q Where Was
